<?xml version="1.0" encoding="UTF-8" standalone="yes" ?>
<CodeBlocks_project_file>
	<FileVersion major="1" minor="6" />
	<Project>
		<Option title="bigMAC" />
		<Option pch_mode="2" />
		<Option compiler="gcc" />
		<Build>
			<Target title="Debug">
				<Option output="bin/Debug/bigMAC" prefix_auto="1" extension_auto="1" />
				<Option object_output="obj/Debug/" />
				<Option type="1" />
				<Option compiler="gcc" />
				<Compiler>
					<Add option="-g" />
				</Compiler>
			</Target>
			<Target title="Release">
				<Option output="bin/Release/bigMAC" prefix_auto="1" extension_auto="1" />
				<Option object_output="obj/Release/" />
				<Option type="1" />
				<Option compiler="gcc" />
				<Compiler>
					<Add option="-O2" />
				</Compiler>
				<Linker>
					<Add option="-s" />
				</Linker>
			</Target>
		</Build>
		<Compiler>
			<Add option="-Wall" />
		</Compiler>
		<Unit filename="AC8.c">
			<Option compilerVar="CC" />
		</Unit>
		<Unit filename="AC8.h" />
		<Unit filename="BT.c">
			<Option compilerVar="CC" />
		</Unit>
		<Unit filename="BT.h" />
		<Unit filename="FC.c">
			<Option compilerVar="CC" />
		</Unit>
		<Unit filename="FC.h" />
		<Unit filename="PC8.c">
			<Option compilerVar="CC" />
		</Unit>
		<Unit filename="PC8.h" />
		<Unit filename="RFL.c">
			<Option compilerVar="CC" />
		</Unit>
		<Unit filename="RFL.h" />
		<Unit filename="bigmac.c">
			<Option compilerVar="CC" />
		</Unit>
		<Unit filename="bigmac.h" />
		<Unit filename="generateur.c">
			<Option compilerVar="CC" />
		</Unit>
		<Unit filename="generateur.h" />
		<Unit filename="list.c">
			<Option compilerVar="CC" />
		</Unit>
		<Unit filename="list.h" />
		<Unit filename="main.c">
			<Option compilerVar="CC" />
		</Unit>
		<Unit filename="structure.c">
			<Option compilerVar="CC" />
		</Unit>
		<Unit filename="structure.h" />
		<Extensions>
			<code_completion />
			<envvars />
			<debugger />
		</Extensions>
	</Project>
</CodeBlocks_project_file>
